
Microsoft Visual Studio Solution File, Format Version 12.00
# Visual Studio Version 16
VisualStudioVersion = 16.0.31624.102
MinimumVisualStudioVersion = 10.0.40219.1
Project("{FAE04EC0-301F-11D3-BF4B-00C04F79EFBC}") = "Графические примитивы", "Графические примитивы.csproj", "{31207779-C427-4C2F-A296-BD579AB04B73}"
EndProject
Global
	GlobalSection(SolutionConfigurationPlatforms) = preSolution
		Debug|Any CPU = Debug|Any CPU
		Release|Any CPU = Release|Any CPU
	EndGlobalSection
	GlobalSection(ProjectConfigurationPlatforms) = postSolution
		{31207779-C427-4C2F-A296-BD579AB04B73}.Debug|Any CPU.ActiveCfg = Debug|Any CPU
		{31207779-C427-4C2F-A296-BD579AB04B73}.Debug|Any CPU.Build.0 = Debug|Any CPU
		{31207779-C427-4C2F-A296-BD579AB04B73}.Release|Any CPU.ActiveCfg = Release|Any CPU
		{31207779-C427-4C2F-A296-BD579AB04B73}.Release|Any CPU.Build.0 = Release|Any CPU
	EndGlobalSection
	GlobalSection(SolutionProperties) = preSolution
		HideSolutionNode = FALSE
	EndGlobalSection
	GlobalSection(ExtensibilityGlobals) = postSolution
		SolutionGuid = {AEA5E347-A40F-4501-8B2B-88C588290301}
	EndGlobalSection
EndGlobal
